PODS:
  - AEXML (4.6.0)
  - Flutter (1.0.0)
  - FontBlaster (5.1.1)
  - MenuItemKit (4.0.1)
  - path_provider (0.0.1):
    - Flutter
  - "permission_handler (5.1.0+2)":
    - Flutter
  - Realm (3.17.3):
    - Realm/Headers (= 3.17.3)
  - Realm/Headers (3.17.3)
  - RealmSwift (3.17.3):
    - Realm (= 3.17.3)
  - SSZipArchive (2.2.3)
  - vocsy_epub_viewer (0.0.5):
    - AEXML (= 4.6.0)
    - Flutter
    - FontBlaster (= 5.1.1)
    - MenuItemKit (= 4.0.1)
    - RealmSwift (= 3.17.3)
    - SSZipArchive (= 2.2.3)
    - ZFDragableModalTransition (= 0.6)
  - ZFDragableModalTransition (0.6)

DEPENDENCIES:
  - Flutter (from `Flutter`)
  - path_provider (from `.symlinks/plugins/path_provider/ios`)
  - permission_handler (from `.symlinks/plugins/permission_handler/ios`)
  - vocsy_epub_viewer (from `.symlinks/plugins/vocsy_epub_viewer/ios`)

SPEC REPOS:
  trunk:
    - AEXML
    - FontBlaster
    - MenuItemKit
    - Realm
    - RealmSwift
    - SSZipArchive
    - ZFDragableModalTransition

EXTERNAL SOURCES:
  Flutter:
    :path: Flutter
  path_provider:
    :path: ".symlinks/plugins/path_provider/ios"
  permission_handler:
    :path: ".symlinks/plugins/permission_handler/ios"
  vocsy_epub_viewer:
    :path: ".symlinks/plugins/vocsy_epub_viewer/ios"

SPEC CHECKSUMS:
  AEXML: 2fbb73d8724797ed2cde888731e176fa4d44dd83
  Flutter: 50d75fe2f02b26cc09d224853bb45737f8b3214a
  FontBlaster: 8897ebdbb4b6ace3ab78c92b665d88c954f19e4a
  MenuItemKit: 1459920e984d823e1bcc858b7a964f94e6bfa0f6
  path_provider: abfe2b5c733d04e238b0d8691db0cfd63a27a93c
  permission_handler: ccb20a9fad0ee9b1314a52b70b76b473c5f8dab0
  Realm: 5a1d9d47bfc101dd597668b1a8af4288a2557f6d
  RealmSwift: b7fdc2d18616621c31df5c7a398a45a2163f8eb0
  SSZipArchive: 62d4947b08730e4cda640473b0066d209ff033c9
  vocsy_epub_viewer: 982971af8a70398880a7ab16f47c2a58b06d67c8
  ZFDragableModalTransition: 0d294eaaba6edfcb9839595de765f9ca06a4b524

PODFILE CHECKSUM: a75497545d4391e2d394c3668e20cfb1c2bbd4aa

COCOAPODS: 1.11.2
